
Microsoft Visual Studio Solution File, Format Version 12.00
# Visual Studio Version 16
VisualStudioVersion = 16.0.29306.81
MinimumVisualStudioVersion = 10.0.40219.1
Project("{FAE04EC0-301F-11D3-BF4B-00C04F79EFBC}") = "AmaryllisTestProject.WEB", "AmaryllisTestProject\AmaryllisTestProject.WEB.csproj", "{EC9173EC-D4DA-4E07-8219-56DBBA74D542}"
EndProject
Project("{FAE04EC0-301F-11D3-BF4B-00C04F79EFBC}") = "AmaryllisTestProject.DAL", "AmaryllisTestProject.DAL\AmaryllisTestProject.DAL.csproj", "{CCAADA86-CD9C-4F7E-A73F-53C1466B8DDC}"
EndProject
Project("{FAE04EC0-301F-11D3-BF4B-00C04F79EFBC}") = "AmaryllisTestProject.BLL", "AmaryllisTestProject.BLL\AmaryllisTestProject.BLL.csproj", "{D16108D7-B55C-462C-BCD0-12B8B086BE65}"
EndProject
Global
	GlobalSection(SolutionConfigurationPlatforms) = preSolution
		Debug|Any CPU = Debug|Any CPU
		Release|Any CPU = Release|Any CPU
	EndGlobalSection
	GlobalSection(ProjectConfigurationPlatforms) = postSolution
		{EC9173EC-D4DA-4E07-8219-56DBBA74D542}.Debug|Any CPU.ActiveCfg = Debug|Any CPU
		{EC9173EC-D4DA-4E07-8219-56DBBA74D542}.Debug|Any CPU.Build.0 = Debug|Any CPU
		{EC9173EC-D4DA-4E07-8219-56DBBA74D542}.Release|Any CPU.ActiveCfg = Release|Any CPU
		{EC9173EC-D4DA-4E07-8219-56DBBA74D542}.Release|Any CPU.Build.0 = Release|Any CPU
		{CCAADA86-CD9C-4F7E-A73F-53C1466B8DDC}.Debug|Any CPU.ActiveCfg = Debug|Any CPU
		{CCAADA86-CD9C-4F7E-A73F-53C1466B8DDC}.Debug|Any CPU.Build.0 = Debug|Any CPU
		{CCAADA86-CD9C-4F7E-A73F-53C1466B8DDC}.Release|Any CPU.ActiveCfg = Release|Any CPU
		{CCAADA86-CD9C-4F7E-A73F-53C1466B8DDC}.Release|Any CPU.Build.0 = Release|Any CPU
		{D16108D7-B55C-462C-BCD0-12B8B086BE65}.Debug|Any CPU.ActiveCfg = Debug|Any CPU
		{D16108D7-B55C-462C-BCD0-12B8B086BE65}.Debug|Any CPU.Build.0 = Debug|Any CPU
		{D16108D7-B55C-462C-BCD0-12B8B086BE65}.Release|Any CPU.ActiveCfg = Release|Any CPU
		{D16108D7-B55C-462C-BCD0-12B8B086BE65}.Release|Any CPU.Build.0 = Release|Any CPU
	EndGlobalSection
	GlobalSection(SolutionProperties) = preSolution
		HideSolutionNode = FALSE
	EndGlobalSection
	GlobalSection(ExtensibilityGlobals) = postSolution
		SolutionGuid = {DB61DCCB-5CFF-46DE-803D-2821FE440021}
	EndGlobalSection
EndGlobal
